
Microsoft Visual Studio Solution File, Format Version 12.00
# Visual Studio Version 17
VisualStudioVersion = 17.0.31903.59
MinimumVisualStudioVersion = 10.0.40219.1
Project("{2150E333-8FDC-42A3-9474-1A3956D46DE8}") = "src", "src", "{38834E12-276A-4B93-ABA8-5E6EBA373AD2}"
EndProject
Project("{FAE04EC0-301F-11D3-BF4B-00C04F79EFBC}") = "SharpExperiments", "src\SharpExperiments\SharpExperiments.csproj", "{806D0F30-70BA-4548-BE7D-A91A63944037}"
EndProject
Project("{2150E333-8FDC-42A3-9474-1A3956D46DE8}") = "tests", "tests", "{A9ED4CEB-2FE3-4866-861B-C2E14A0BCD8B}"
EndProject
Project("{FAE04EC0-301F-11D3-BF4B-00C04F79EFBC}") = "SharpExperiments.Tests", "tests\SharpExperiments.Tests\SharpExperiments.Tests.csproj", "{186B0758-51F4-4C3C-92D1-4012D79460CF}"
EndProject
Project("{2150E333-8FDC-42A3-9474-1A3956D46DE8}") = "benchmarks", "benchmarks", "{BD782B3F-8DAE-4603-A4AE-CE3C92F82D34}"
EndProject
Project("{FAE04EC0-301F-11D3-BF4B-00C04F79EFBC}") = "SharpExperiments.Benchmarks", "benchmarks\SharpExperiments.Benchmarks\SharpExperiments.Benchmarks.csproj", "{4A658E62-E2CD-4F58-ACA9-992B8D2FB5AF}"
EndProject
Global
	GlobalSection(SolutionConfigurationPlatforms) = preSolution
		Debug|Any CPU = Debug|Any CPU
		Release|Any CPU = Release|Any CPU
	EndGlobalSection
	GlobalSection(SolutionProperties) = preSolution
		HideSolutionNode = FALSE
	EndGlobalSection
	GlobalSection(ProjectConfigurationPlatforms) = postSolution
		{806D0F30-70BA-4548-BE7D-A91A63944037}.Debug|Any CPU.ActiveCfg = Debug|Any CPU
		{806D0F30-70BA-4548-BE7D-A91A63944037}.Debug|Any CPU.Build.0 = Debug|Any CPU
		{806D0F30-70BA-4548-BE7D-A91A63944037}.Release|Any CPU.ActiveCfg = Release|Any CPU
		{806D0F30-70BA-4548-BE7D-A91A63944037}.Release|Any CPU.Build.0 = Release|Any CPU
		{186B0758-51F4-4C3C-92D1-4012D79460CF}.Debug|Any CPU.ActiveCfg = Debug|Any CPU
		{186B0758-51F4-4C3C-92D1-4012D79460CF}.Debug|Any CPU.Build.0 = Debug|Any CPU
		{186B0758-51F4-4C3C-92D1-4012D79460CF}.Release|Any CPU.ActiveCfg = Release|Any CPU
		{186B0758-51F4-4C3C-92D1-4012D79460CF}.Release|Any CPU.Build.0 = Release|Any CPU
		{4A658E62-E2CD-4F58-ACA9-992B8D2FB5AF}.Debug|Any CPU.ActiveCfg = Debug|Any CPU
		{4A658E62-E2CD-4F58-ACA9-992B8D2FB5AF}.Debug|Any CPU.Build.0 = Debug|Any CPU
		{4A658E62-E2CD-4F58-ACA9-992B8D2FB5AF}.Release|Any CPU.ActiveCfg = Release|Any CPU
		{4A658E62-E2CD-4F58-ACA9-992B8D2FB5AF}.Release|Any CPU.Build.0 = Release|Any CPU
	EndGlobalSection
	GlobalSection(NestedProjects) = preSolution
		{806D0F30-70BA-4548-BE7D-A91A63944037} = {38834E12-276A-4B93-ABA8-5E6EBA373AD2}
		{186B0758-51F4-4C3C-92D1-4012D79460CF} = {A9ED4CEB-2FE3-4866-861B-C2E14A0BCD8B}
		{4A658E62-E2CD-4F58-ACA9-992B8D2FB5AF} = {BD782B3F-8DAE-4603-A4AE-CE3C92F82D34}
	EndGlobalSection
EndGlobal
